
Microsoft Visual Studio Solution File, Format Version 12.00
# Visual Studio Version 17
VisualStudioVersion = 17.14.36915.13 d17.14
MinimumVisualStudioVersion = 10.0.40219.1
Project("{FAE04EC0-301F-11D3-BF4B-00C04F79EFBC}") = "DateValidationApp", "DateValidationApp\DateValidationApp.csproj", "{1CD16C99-DA1F-4306-9505-894C5FA074C9}"
EndProject
Project("{FAE04EC0-301F-11D3-BF4B-00C04F79EFBC}") = "DateValidation.UnitTests", "DateValidation.UnitTests\DateValidation.UnitTests.csproj", "{B808A46C-7D5E-4724-8DCC-6D204C760EF7}"
EndProject
Global
	GlobalSection(SolutionConfigurationPlatforms) = preSolution
		Debug|Any CPU = Debug|Any CPU
		Release|Any CPU = Release|Any CPU
	EndGlobalSection
	GlobalSection(ProjectConfigurationPlatforms) = postSolution
		{1CD16C99-DA1F-4306-9505-894C5FA074C9}.Debug|Any CPU.ActiveCfg = Debug|Any CPU
		{1CD16C99-DA1F-4306-9505-894C5FA074C9}.Debug|Any CPU.Build.0 = Debug|Any CPU
		{1CD16C99-DA1F-4306-9505-894C5FA074C9}.Release|Any CPU.ActiveCfg = Release|Any CPU
		{1CD16C99-DA1F-4306-9505-894C5FA074C9}.Release|Any CPU.Build.0 = Release|Any CPU
		{B808A46C-7D5E-4724-8DCC-6D204C760EF7}.Debug|Any CPU.ActiveCfg = Debug|Any CPU
		{B808A46C-7D5E-4724-8DCC-6D204C760EF7}.Debug|Any CPU.Build.0 = Debug|Any CPU
		{B808A46C-7D5E-4724-8DCC-6D204C760EF7}.Release|Any CPU.ActiveCfg = Release|Any CPU
		{B808A46C-7D5E-4724-8DCC-6D204C760EF7}.Release|Any CPU.Build.0 = Release|Any CPU
	EndGlobalSection
	GlobalSection(SolutionProperties) = preSolution
		HideSolutionNode = FALSE
	EndGlobalSection
	GlobalSection(ExtensibilityGlobals) = postSolution
		SolutionGuid = {6C3A72D0-0B80-4C91-A332-95FA0540B119}
	EndGlobalSection
EndGlobal
